
Microsoft Visual Studio Solution File, Format Version 12.00
# Visual Studio Version 17
VisualStudioVersion = 17.8.34511.84
MinimumVisualStudioVersion = 10.0.40219.1
Project("{FAE04EC0-301F-11D3-BF4B-00C04F79EFBC}") = "SalesDatePrediction", "SalesDatePrediction\SalesDatePrediction.csproj", "{D586D2B4-AB85-4D49-8466-03085BD316D6}"
EndProject
Global
	GlobalSection(SolutionConfigurationPlatforms) = preSolution
		Debug|Any CPU = Debug|Any CPU
		Release|Any CPU = Release|Any CPU
	EndGlobalSection
	GlobalSection(ProjectConfigurationPlatforms) = postSolution
		{D586D2B4-AB85-4D49-8466-03085BD316D6}.Debug|Any CPU.ActiveCfg = Debug|Any CPU
		{D586D2B4-AB85-4D49-8466-03085BD316D6}.Debug|Any CPU.Build.0 = Debug|Any CPU
		{D586D2B4-AB85-4D49-8466-03085BD316D6}.Release|Any CPU.ActiveCfg = Release|Any CPU
		{D586D2B4-AB85-4D49-8466-03085BD316D6}.Release|Any CPU.Build.0 = Release|Any CPU
	EndGlobalSection
	GlobalSection(SolutionProperties) = preSolution
		HideSolutionNode = FALSE
	EndGlobalSection
	GlobalSection(ExtensibilityGlobals) = postSolution
		SolutionGuid = {82EF6F39-F8F5-49A9-A0B3-4BC1AC5D0769}
	EndGlobalSection
EndGlobal
